// !$*UTF8*$!
{
	archiveVersion = 1;
	classes = {
	};
	objectVersion = 56;
	objects = {

/* Begin PBXBuildFile section */
		33FA55482BB1FDE6004880EB /* main.cpp in Sources */ = {isa = PBXBuildFile; fileRef = 33FA55472BB1FDE6004880EB /* main.cpp */; };
		33FA55502BB1FE3F004880EB /* TCPServer.cpp in Sources */ = {isa = PBXBuildFile; fileRef = 33FA554E2BB1FE3F004880EB /* TCPServer.cpp */; };
		33FA55532BB1FF0C004880EB /* TCPClient.cpp in Sources */ = {isa = PBXBuildFile; fileRef = 33FA55512BB1FF0C004880EB /* TCPClient.cpp */; };
		33FA55562BB1FF61004880EB /* UDPServer.cpp in Sources */ = {isa = PBXBuildFile; fileRef = 33FA55542BB1FF61004880EB /* UDPServer.cpp */; };
		33FA55592BB1FFD6004880EB /* UDPClient.cpp in Sources */ = {isa = PBXBuildFile; fileRef = 33FA55572BB1FFD6004880EB /* UDPClient.cpp */; };
/* End PBXBuildFile section */

/* Begin PBXCopyFilesBuildPhase section */
		33FA55422BB1FDE6004880EB /* CopyFiles */ = {
			isa = PBXCopyFilesBuildPhase;
			buildActionMask = 2147483647;
			dstPath = /usr/share/man/man1/;
			dstSubfolderSpec = 0;
			files = (
			);
			runOnlyForDeploymentPostprocessing = 1;
		};
/* End PBXCopyFilesBuildPhase section */

/* Begin PBXFileReference section */
		33FA55442BB1FDE6004880EB /* Assignment 1 */ = {isa = PBXFileReference; explicitFileType = "compiled.mach-o.executable"; includeInIndex = 0; path = "Assignment 1"; sourceTree = BUILT_PRODUCTS_DIR; };
		33FA55472BB1FDE6004880EB /* main.cpp */ = {isa = PBXFileReference; lastKnownFileType = sourcecode.cpp.cpp; path = main.cpp; sourceTree = "<group>"; };
		33FA554E2BB1FE3F004880EB /* TCPServer.cpp */ = {isa = PBXFileReference; lastKnownFileType = sourcecode.cpp.cpp; path = TCPServer.cpp; sourceTree = "<group>"; };
		33FA554F2BB1FE3F004880EB /* TCPServer.hpp */ = {isa = PBXFileReference; lastKnownFileType = sourcecode.cpp.h; path = TCPServer.hpp; sourceTree = "<group>"; };
		33FA55512BB1FF0C004880EB /* TCPClient.cpp */ = {isa = PBXFileReference; lastKnownFileType = sourcecode.cpp.cpp; path = TCPClient.cpp; sourceTree = "<group>"; };
		33FA55522BB1FF0C004880EB /* TCPClient.hpp */ = {isa = PBXFileReference; lastKnownFileType = sourcecode.cpp.h; path = TCPClient.hpp; sourceTree = "<group>"; };
		33FA55542BB1FF61004880EB /* UDPServer.cpp */ = {isa = PBXFileReference; lastKnownFileType = sourcecode.cpp.cpp; path = UDPServer.cpp; sourceTree = "<group>"; };
		33FA55552BB1FF61004880EB /* UDPServer.hpp */ = {isa = PBXFileReference; lastKnownFileType = sourcecode.cpp.h; path = UDPServer.hpp; sourceTree = "<group>"; };
		33FA55572BB1FFD6004880EB /* UDPClient.cpp */ = {isa = PBXFileReference; lastKnownFileType = sourcecode.cpp.cpp; path = UDPClient.cpp; sourceTree = "<group>"; };
		33FA55582BB1FFD6004880EB /* UDPClient.hpp */ = {isa = PBXFileReference; lastKnownFileType = sourcecode.cpp.h; path = UDPClient.hpp; sourceTree = "<group>"; };
		33FA555A2BB28C0E004880EB /* README.md */ = {isa = PBXFileReference; lastKnownFileType = net.daringfireball.markdown; path = README.md; sourceTree = "<group>"; };
/* End PBXFileReference section */

/* Begin PBXFrameworksBuildPhase section */
		33FA55412BB1FDE6004880EB /* Frameworks */ = {
			isa = PBXFrameworksBuildPhase;
			buildActionMask = 2147483647;
			files = (
			);
			runOnlyForDeploymentPostprocessing = 0;
		};
/* End PBXFrameworksBuildPhase section */

/* Begin PBXGroup section */
		33FA553B2BB1FDE6004880EB = {
			isa = PBXGroup;
			children = (
				33FA55462BB1FDE6004880EB /* Assignment 1 */,
				33FA55452BB1FDE6004880EB /* Products */,
			);
			sourceTree = "<group>";
		};
		33FA55452BB1FDE6004880EB /* Products */ = {
			isa = PBXGroup;
			children = (
				33FA55442BB1FDE6004880EB /* Assignment 1 */,
			);
			name = Products;
			sourceTree = "<group>";
		};
		33FA55462BB1FDE6004880EB /* Assignment 1 */ = {
			isa = PBXGroup;
			children = (
				33FA55472BB1FDE6004880EB /* main.cpp */,
				33FA554E2BB1FE3F004880EB /* TCPServer.cpp */,
				33FA555A2BB28C0E004880EB /* README.md */,
				33FA554F2BB1FE3F004880EB /* TCPServer.hpp */,
				33FA55512BB1FF0C004880EB /* TCPClient.cpp */,
				33FA55542BB1FF61004880EB /* UDPServer.cpp */,
				33FA55572BB1FFD6004880EB /* UDPClient.cpp */,
				33FA55582BB1FFD6004880EB /* UDPClient.hpp */,
				33FA55552BB1FF61004880EB /* UDPServer.hpp */,
				33FA55522BB1FF0C004880EB /* TCPClient.hpp */,
			);
			path = "Assignment 1";
			sourceTree = "<group>";
		};
/* End PBXGroup section */

/* Begin PBXNativeTarget section */
		33FA55432BB1FDE6004880EB /* Assignment 1 */ = {
			isa = PBXNativeTarget;
			buildConfigurationList = 33FA554B2BB1FDE6004880EB /* Build configuration list for PBXNativeTarget "Assignment 1" */;
			buildPhases = (
				33FA55402BB1FDE6004880EB /* Sources */,
				33FA55412BB1FDE6004880EB /* Frameworks */,
				33FA55422BB1FDE6004880EB /* CopyFiles */,
			);
			buildRules = (
			);
			dependencies = (
			);
			name = "Assignment 1";
			productName = "Assignment 1";
			productReference = 33FA55442BB1FDE6004880EB /* Assignment 1 */;
			productType = "com.apple.product-type.tool";
		};
/* End PBXNativeTarget section */

/* Begin PBXProject section */
		33FA553C2BB1FDE6004880EB /* Project object */ = {
			isa = PBXProject;
			attributes = {
				BuildIndependentTargetsInParallel = 1;
				LastUpgradeCheck = 1530;
				TargetAttributes = {
					33FA55432BB1FDE6004880EB = {
						CreatedOnToolsVersion = 15.3;
					};
				};
			};
			buildConfigurationList = 33FA553F2BB1FDE6004880EB /* Build configuration list for PBXProject "Assignment 1" */;
			compatibilityVersion = "Xcode 14.0";
			developmentRegion = en;
			hasScannedForEncodings = 0;
			knownRegions = (
				en,
				Base,
			);
			mainGroup = 33FA553B2BB1FDE6004880EB;
			productRefGroup = 33FA55452BB1FDE6004880EB /* Products */;
			projectDirPath = "";
			projectRoot = "";
			targets = (
				33FA55432BB1FDE6004880EB /* Assignment 1 */,
			);
		};
/* End PBXProject section */

/* Begin PBXSourcesBuildPhase section */
		33FA55402BB1FDE6004880EB /* Sources */ = {
			isa = PBXSourcesBuildPhase;
			buildActionMask = 2147483647;
			files = (
				33FA55532BB1FF0C004880EB /* TCPClient.cpp in Sources */,
				33FA55592BB1FFD6004880EB /* UDPClient.cpp in Sources */,
				33FA55502BB1FE3F004880EB /* TCPServer.cpp in Sources */,
				33FA55562BB1FF61004880EB /* UDPServer.cpp in Sources */,
				33FA55482BB1FDE6004880EB /* main.cpp in Sources */,
			);
			runOnlyForDeploymentPostprocessing = 0;
		};
/* End PBXSourcesBuildPhase section */

/* Begin XCBuildConfiguration section */
		33FA55492BB1FDE6004880EB /* Debug */ = {
			isa = XCBuildConfiguration;
			buildSettings = {
				ALWAYS_SEARCH_USER_PATHS = NO;
				ASSETCATALOG_COMPILER_GENERATE_SWIFT_ASSET_SYMBOL_EXTENSIONS = YES;
				CLANG_ANALYZER_NONNULL = YES;
				CLANG_ANALYZER_NUMBER_OBJECT_CONVERSION = YES_AGGRESSIVE;
				CLANG_CXX_LANGUAGE_STANDARD = "gnu++20";
				CLANG_ENABLE_MODULES = YES;
				CLANG_ENABLE_OBJC_ARC = YES;
				CLANG_ENABLE_OBJC_WEAK = YES;
				CLANG_WARN_BLOCK_CAPTURE_AUTORELEASING = YES;
				CLANG_WARN_BOOL_CONVERSION = YES;
				CLANG_WARN_COMMA = YES;
				CLANG_WARN_CONSTANT_CONVERSION = YES;
				CLANG_WARN_DEPRECATED_OBJC_IMPLEMENTATIONS = YES;
				CLANG_WARN_DIRECT_OBJC_ISA_USAGE = YES_ERROR;
				CLANG_WARN_DOCUMENTATION_COMMENTS = YES;
				CLANG_WARN_EMPTY_BODY = YES;
				CLANG_WARN_ENUM_CONVERSION = YES;
				CLANG_WARN_INFINITE_RECURSION = YES;
				CLANG_WARN_INT_CONVERSION = YES;
				CLANG_WARN_NON_LITERAL_NULL_CONVERSION = YES;
				CLANG_WARN_OBJC_IMPLICIT_RETAIN_SELF = YES;
				CLANG_WARN_OBJC_LITERAL_CONVERSION = YES;
				CLANG_WARN_OBJC_ROOT_CLASS = YES_ERROR;
				CLANG_WARN_QUOTED_INCLUDE_IN_FRAMEWORK_HEADER = YES;
				CLANG_WARN_RANGE_LOOP_ANALYSIS = YES;
				CLANG_WARN_STRICT_PROTOTYPES = YES;
				CLANG_WARN_SUSPICIOUS_MOVE = YES;
				CLANG_WARN_UNGUARDED_AVAILABILITY = YES_AGGRESSIVE;
				CLANG_WARN_UNREACHABLE_CODE = YES;
				CLANG_WARN__DUPLICATE_METHOD_MATCH = YES;
				COPY_PHASE_STRIP = NO;
				DEBUG_INFORMATION_FORMAT = dwarf;
				ENABLE_STRICT_OBJC_MSGSEND = YES;
				ENABLE_TESTABILITY = YES;
				ENABLE_USER_SCRIPT_SANDBOXING = YES;
				GCC_C_LANGUAGE_STANDARD = gnu17;
				GCC_DYNAMIC_NO_PIC = NO;
				GCC_NO_COMMON_BLOCKS = YES;
				GCC_OPTIMIZATION_LEVEL = 0;
				GCC_PREPROCESSOR_DEFINITIONS = (
					"DEBUG=1",
					"$(inherited)",
				);
				GCC_WARN_64_TO_32_BIT_CONVERSION = YES;
				GCC_WARN_ABOUT_RETURN_TYPE = YES_ERROR;
				GCC_WARN_UNDECLARED_SELECTOR = YES;
				GCC_WARN_UNINITIALIZED_AUTOS = YES_AGGRESSIVE;
				GCC_WARN_UNUSED_FUNCTION = YES;
				GCC_WARN_UNUSED_VARIABLE = YES;
				LOCALIZATION_PREFERS_STRING_CATALOGS = YES;
				MACOSX_DEPLOYMENT_TARGET = 14.4;
				MTL_ENABLE_DEBUG_INFO = INCLUDE_SOURCE;
				MTL_FAST_MATH = YES;
				ONLY_ACTIVE_ARCH = YES;
				SDKROOT = macosx;
			};
			name = Debug;
		};
		33FA554A2BB1FDE6004880EB /* Release */ = {
			isa = XCBuildConfiguration;
			buildSettings = {
				ALWAYS_SEARCH_USER_PATHS = NO;
				ASSETCATALOG_COMPILER_GENERATE_SWIFT_ASSET_SYMBOL_EXTENSIONS = YES;
				CLANG_ANALYZER_NONNULL = YES;
				CLANG_ANALYZER_NUMBER_OBJECT_CONVERSION = YES_AGGRESSIVE;
				CLANG_CXX_LANGUAGE_STANDARD = "gnu++20";
				CLANG_ENABLE_MODULES = YES;
				CLANG_ENABLE_OBJC_ARC = YES;
				CLANG_ENABLE_OBJC_WEAK = YES;
				CLANG_WARN_BLOCK_CAPTURE_AUTORELEASING = YES;
				CLANG_WARN_BOOL_CONVERSION = YES;
				CLANG_WARN_COMMA = YES;
				CLANG_WARN_CONSTANT_CONVERSION = YES;
				CLANG_WARN_DEPRECATED_OBJC_IMPLEMENTATIONS = YES;
				CLANG_WARN_DIRECT_OBJC_ISA_USAGE = YES_ERROR;
				CLANG_WARN_DOCUMENTATION_COMMENTS = YES;
				CLANG_WARN_EMPTY_BODY = YES;
				CLANG_WARN_ENUM_CONVERSION = YES;
				CLANG_WARN_INFINITE_RECURSION = YES;
				CLANG_WARN_INT_CONVERSION = YES;
				CLANG_WARN_NON_LITERAL_NULL_CONVERSION = YES;
				CLANG_WARN_OBJC_IMPLICIT_RETAIN_SELF = YES;
				CLANG_WARN_OBJC_LITERAL_CONVERSION = YES;
				CLANG_WARN_OBJC_ROOT_CLASS = YES_ERROR;
				CLANG_WARN_QUOTED_INCLUDE_IN_FRAMEWORK_HEADER = YES;
				CLANG_WARN_RANGE_LOOP_ANALYSIS = YES;
				CLANG_WARN_STRICT_PROTOTYPES = YES;
				CLANG_WARN_SUSPICIOUS_MOVE = YES;
				CLANG_WARN_UNGUARDED_AVAILABILITY = YES_AGGRESSIVE;
				CLANG_WARN_UNREACHABLE_CODE = YES;
				CLANG_WARN__DUPLICATE_METHOD_MATCH = YES;
				COPY_PHASE_STRIP = NO;
				DEBUG_INFORMATION_FORMAT = "dwarf-with-dsym";
				ENABLE_NS_ASSERTIONS = NO;
				ENABLE_STRICT_OBJC_MSGSEND = YES;
				ENABLE_USER_SCRIPT_SANDBOXING = YES;
				GCC_C_LANGUAGE_STANDARD = gnu17;
				GCC_NO_COMMON_BLOCKS = YES;
				GCC_WARN_64_TO_32_BIT_CONVERSION = YES;
				GCC_WARN_ABOUT_RETURN_TYPE = YES_ERROR;
				GCC_WARN_UNDECLARED_SELECTOR = YES;
				GCC_WARN_UNINITIALIZED_AUTOS = YES_AGGRESSIVE;
				GCC_WARN_UNUSED_FUNCTION = YES;
				GCC_WARN_UNUSED_VARIABLE = YES;
				LOCALIZATION_PREFERS_STRING_CATALOGS = YES;
				MACOSX_DEPLOYMENT_TARGET = 14.4;
				MTL_ENABLE_DEBUG_INFO = NO;
				MTL_FAST_MATH = YES;
				SDKROOT = macosx;
			};
			name = Release;
		};
		33FA554C2BB1FDE6004880EB /* Debug */ = {
			isa = XCBuildConfiguration;
			buildSettings = {
				CODE_SIGN_STYLE = Automatic;
				PRODUCT_NAME = "$(TARGET_NAME)";
			};
			name = Debug;
		};
		33FA554D2BB1FDE6004880EB /* Release */ = {
			isa = XCBuildConfiguration;
			buildSettings = {
				CODE_SIGN_STYLE = Automatic;
				PRODUCT_NAME = "$(TARGET_NAME)";
			};
			name = Release;
		};
/* End XCBuildConfiguration section */

/* Begin XCConfigurationList section */
		33FA553F2BB1FDE6004880EB /* Build configuration list for PBXProject "Assignment 1" */ = {
			isa = XCConfigurationList;
			buildConfigurations = (
				33FA55492BB1FDE6004880EB /* Debug */,
				33FA554A2BB1FDE6004880EB /* Release */,
			);
			defaultConfigurationIsVisible = 0;
			defaultConfigurationName = Release;
		};
		33FA554B2BB1FDE6004880EB /* Build configuration list for PBXNativeTarget "Assignment 1" */ = {
			isa = XCConfigurationList;
			buildConfigurations = (
				33FA554C2BB1FDE6004880EB /* Debug */,
				33FA554D2BB1FDE6004880EB /* Release */,
			);
			defaultConfigurationIsVisible = 0;
			defaultConfigurationName = Release;
		};
/* End XCConfigurationList section */
	};
	rootObject = 33FA553C2BB1FDE6004880EB /* Project object */;
}
